
Microsoft Visual Studio Solution File, Format Version 11.00
# Visual Studio 2010
Project("{8BC9CEB8-8B4A-11D0-8D11-00A0C91BC942}") = "AudioMix", "AudioMix\AudioMix.vcxproj", "{35FA52D2-ED82-4269-BC8D-0D443171ABFA}"
EndProject
Global
	GlobalSection(SolutionConfigurationPlatforms) = preSolution
		Debug|Win32 = Debug|Win32
		Release|Win32 = Release|Win32
		SDL_Debug|Win32 = SDL_Debug|Win32
		SDL_Release|Win32 = SDL_Release|Win32
		Sox_Debug|Win32 = Sox_Debug|Win32
		Sox_Release|Win32 = Sox_Release|Win32
		Wave_Debug|Win32 = Wave_Debug|Win32
		Wave_Release|Win32 = Wave_Release|Win32
	EndGlobalSection
	GlobalSection(ProjectConfigurationPlatforms) = postSolution
		{35FA52D2-ED82-4269-BC8D-0D443171ABFA}.Debug|Win32.ActiveCfg = Debug|Win32
		{35FA52D2-ED82-4269-BC8D-0D443171ABFA}.Debug|Win32.Build.0 = Debug|Win32
		{35FA52D2-ED82-4269-BC8D-0D443171ABFA}.Release|Win32.ActiveCfg = Release|Win32
		{35FA52D2-ED82-4269-BC8D-0D443171ABFA}.Release|Win32.Build.0 = Release|Win32
		{35FA52D2-ED82-4269-BC8D-0D443171ABFA}.SDL_Debug|Win32.ActiveCfg = SDL_Debug|Win32
		{35FA52D2-ED82-4269-BC8D-0D443171ABFA}.SDL_Debug|Win32.Build.0 = SDL_Debug|Win32
		{35FA52D2-ED82-4269-BC8D-0D443171ABFA}.SDL_Release|Win32.ActiveCfg = SDL_Release|Win32
		{35FA52D2-ED82-4269-BC8D-0D443171ABFA}.SDL_Release|Win32.Build.0 = SDL_Release|Win32
		{35FA52D2-ED82-4269-BC8D-0D443171ABFA}.Sox_Debug|Win32.ActiveCfg = Sox_Debug|Win32
		{35FA52D2-ED82-4269-BC8D-0D443171ABFA}.Sox_Debug|Win32.Build.0 = Sox_Debug|Win32
		{35FA52D2-ED82-4269-BC8D-0D443171ABFA}.Sox_Release|Win32.ActiveCfg = Sox_Release|Win32
		{35FA52D2-ED82-4269-BC8D-0D443171ABFA}.Sox_Release|Win32.Build.0 = Sox_Release|Win32
		{35FA52D2-ED82-4269-BC8D-0D443171ABFA}.Wave_Debug|Win32.ActiveCfg = Wave_Debug|Win32
		{35FA52D2-ED82-4269-BC8D-0D443171ABFA}.Wave_Debug|Win32.Build.0 = Wave_Debug|Win32
		{35FA52D2-ED82-4269-BC8D-0D443171ABFA}.Wave_Release|Win32.ActiveCfg = Wave_Release|Win32
		{35FA52D2-ED82-4269-BC8D-0D443171ABFA}.Wave_Release|Win32.Build.0 = Wave_Release|Win32
	EndGlobalSection
	GlobalSection(SolutionProperties) = preSolution
		HideSolutionNode = FALSE
	EndGlobalSection
EndGlobal
